
Microsoft Visual Studio Solution File, Format Version 12.00
# Visual Studio Version 16
VisualStudioVersion = 16.0.31321.278
MinimumVisualStudioVersion = 10.0.40219.1
Project("{FAE04EC0-301F-11D3-BF4B-00C04F79EFBC}") = "Quiz4DevOps", "Quiz4DevOps\Quiz4DevOps.csproj", "{521F3FA7-7E32-42D5-BC59-5D0B7EF17339}"
EndProject
Global
	GlobalSection(SolutionConfigurationPlatforms) = preSolution
		Debug|Any CPU = Debug|Any CPU
		Release|Any CPU = Release|Any CPU
	EndGlobalSection
	GlobalSection(ProjectConfigurationPlatforms) = postSolution
		{521F3FA7-7E32-42D5-BC59-5D0B7EF17339}.Debug|Any CPU.ActiveCfg = Debug|Any CPU
		{521F3FA7-7E32-42D5-BC59-5D0B7EF17339}.Debug|Any CPU.Build.0 = Debug|Any CPU
		{521F3FA7-7E32-42D5-BC59-5D0B7EF17339}.Release|Any CPU.ActiveCfg = Release|Any CPU
		{521F3FA7-7E32-42D5-BC59-5D0B7EF17339}.Release|Any CPU.Build.0 = Release|Any CPU
	EndGlobalSection
	GlobalSection(SolutionProperties) = preSolution
		HideSolutionNode = FALSE
	EndGlobalSection
	GlobalSection(ExtensibilityGlobals) = postSolution
		SolutionGuid = {84EB0AD3-2330-4908-A063-55C4D086E020}
	EndGlobalSection
EndGlobal
